NeoBundleLock coc-highlight b4e82ebd5fe855d004dd481e2ecf2fa88faed284
NeoBundleLock forest-night 9dc1c49d823069e52ecb572a7d187cb77078f21d
NeoBundleLock goyo.vim 6b6ed2734084fdbb6315357ddcaecf9c8e6f143d
NeoBundleLock neobundle.vim 1306c131ff0a6cc094b7ff0727350e442b5427f1
NeoBundleLock vim-airline-themes 6270e7d58828999da7239785ad4269899fab99b5
NeoBundleLock vim-webdevicons b06f5418a434644f64ba9f218472b5aa86eb03a6
